<Solution>
  <Project Path="Quorum.Backend.AdminUI2/Quorum.Backend.AdminUI2.csproj" />
  <Project Path="Quorum.Backend.EntityFramework/Quorum.Backend.EntityFramework.csproj" />
  <Project Path="Quorum.Backend.Gateway/Quorum.Backend.Gateway.csproj" />
  <Project Path="Quorum.Backend.Radzen.Sample/Quorum.Backend.Radzen.Sample.csproj" />
  <Project Path="Quorum.Backend/Quorum.Backend.csproj" />
  <Project Path="Quorum.Backend.AdminUI/Quorum.Backend.AdminUI.csproj" />
  <Project Path="Quorum.Backend2/Quorum.Backend2.csproj" />
</Solution>
