<Solution>
  <Project Path="Quorum.Backend.EntityFramework/Quorum.Backend.EntityFramework.csproj" />
  <Project Path="Quorum.Backend.Gateway/Quorum.Backend.Gateway.csproj" />
  <Project Path="Quorum.Backend/Quorum.Backend.csproj" />
  <Project Path="Quorum.Backend.AdminUI/Quorum.Backend.AdminUI.csproj" />
</Solution>
